// !$*UTF8*$!
{
	archiveVersion = 1;
	classes = {
	};
	objectVersion = 50;
	objects = {

/* Begin PBXBuildFile section */
		2690C48621917008002E4DAA /* AppDelegate.swift in Sources */ = {isa = PBXBuildFile; fileRef = 2690C48521917008002E4DAA /* AppDelegate.swift */; };
		2690C48821917008002E4DAA /* ViewController.swift in Sources */ = {isa = PBXBuildFile; fileRef = 2690C48721917008002E4DAA /* ViewController.swift */; };
		2690C48B21917008002E4DAA /* Main.storyboard in Resources */ = {isa = PBXBuildFile; fileRef = 2690C48921917008002E4DAA /* Main.storyboard */; };
		2690C48D21917009002E4DAA /* Assets.xcassets in Resources */ = {isa = PBXBuildFile; fileRef = 2690C48C21917009002E4DAA /* Assets.xcassets */; };
		2690C49021917009002E4DAA /* LaunchScreen.storyboard in Resources */ = {isa = PBXBuildFile; fileRef = 2690C48E21917009002E4DAA /* LaunchScreen.storyboard */; };
		2690C498219172E1002E4DAA /* LYCaptchaButton.swift in Sources */ = {isa = PBXBuildFile; fileRef = 2690C497219172E1002E4DAA /* LYCaptchaButton.swift */; };
		2690C49A21918BDE002E4DAA /* CaptchaViewController.swift in Sources */ = {isa = PBXBuildFile; fileRef = 2690C49921918BDE002E4DAA /* CaptchaViewController.swift */; };
		2690C49C21919423002E4DAA /* PrintLog.swift in Sources */ = {isa = PBXBuildFile; fileRef = 2690C49B21919423002E4DAA /* PrintLog.swift */; };
/* End PBXBuildFile section */

/* Begin PBXFileReference section */
		2690C48221917008002E4DAA /* LYToolsExample.app */ = {isa = PBXFileReference; explicitFileType = wrapper.application; includeInIndex = 0; path = LYToolsExample.app; sourceTree = BUILT_PRODUCTS_DIR; };
		2690C48521917008002E4DAA /* AppDelegate.swift */ = {isa = PBXFileReference; lastKnownFileType = sourcecode.swift; path = AppDelegate.swift; sourceTree = "<group>"; };
		2690C48721917008002E4DAA /* ViewController.swift */ = {isa = PBXFileReference; lastKnownFileType = sourcecode.swift; path = ViewController.swift; sourceTree = "<group>"; };
		2690C48A21917008002E4DAA /* Base */ = {isa = PBXFileReference; lastKnownFileType = file.storyboard; name = Base; path = Base.lproj/Main.storyboard; sourceTree = "<group>"; };
		2690C48C21917009002E4DAA /* Assets.xcassets */ = {isa = PBXFileReference; lastKnownFileType = folder.assetcatalog; path = Assets.xcassets; sourceTree = "<group>"; };
		2690C48F21917009002E4DAA /* Base */ = {isa = PBXFileReference; lastKnownFileType = file.storyboard; name = Base; path = Base.lproj/LaunchScreen.storyboard; sourceTree = "<group>"; };
		2690C49121917009002E4DAA /* Info.plist */ = {isa = PBXFileReference; lastKnownFileType = text.plist.xml; path = Info.plist; sourceTree = "<group>"; };
		2690C497219172E1002E4DAA /* LYCaptchaButton.swift */ = {isa = PBXFileReference; lastKnownFileType = sourcecode.swift; path = LYCaptchaButton.swift; sourceTree = "<group>"; };
		2690C49921918BDE002E4DAA /* CaptchaViewController.swift */ = {isa = PBXFileReference; lastKnownFileType = sourcecode.swift; path = CaptchaViewController.swift; sourceTree = "<group>"; };
		2690C49B21919423002E4DAA /* PrintLog.swift */ = {isa = PBXFileReference; lastKnownFileType = sourcecode.swift; path = PrintLog.swift; sourceTree = "<group>"; };
/* End PBXFileReference section */

/* Begin PBXFrameworksBuildPhase section */
		2690C47F21917008002E4DAA /* Frameworks */ = {
			isa = PBXFrameworksBuildPhase;
			buildActionMask = 2147483647;
			files = (
			);
			runOnlyForDeploymentPostprocessing = 0;
		};
/* End PBXFrameworksBuildPhase section */

/* Begin PBXGroup section */
		2690C47921917008002E4DAA = {
			isa = PBXGroup;
			children = (
				2690C48421917008002E4DAA /* LYToolsExample */,
				2690C48321917008002E4DAA /* Products */,
			);
			sourceTree = "<group>";
		};
		2690C48321917008002E4DAA /* Products */ = {
			isa = PBXGroup;
			children = (
				2690C48221917008002E4DAA /* LYToolsExample.app */,
			);
			name = Products;
			sourceTree = "<group>";
		};
		2690C48421917008002E4DAA /* LYToolsExample */ = {
			isa = PBXGroup;
			children = (
				2690C48521917008002E4DAA /* AppDelegate.swift */,
				2690C48721917008002E4DAA /* ViewController.swift */,
				2690C49921918BDE002E4DAA /* CaptchaViewController.swift */,
				2690C497219172E1002E4DAA /* LYCaptchaButton.swift */,
				2690C49B21919423002E4DAA /* PrintLog.swift */,
				2690C48921917008002E4DAA /* Main.storyboard */,
				2690C48C21917009002E4DAA /* Assets.xcassets */,
				2690C48E21917009002E4DAA /* LaunchScreen.storyboard */,
				2690C49121917009002E4DAA /* Info.plist */,
			);
			path = LYToolsExample;
			sourceTree = "<group>";
		};
/* End PBXGroup section */

/* Begin PBXNativeTarget section */
		2690C48121917008002E4DAA /* LYToolsExample */ = {
			isa = PBXNativeTarget;
			buildConfigurationList = 2690C49421917009002E4DAA /* Build configuration list for PBXNativeTarget "LYToolsExample" */;
			buildPhases = (
				2690C47E21917008002E4DAA /* Sources */,
				2690C47F21917008002E4DAA /* Frameworks */,
				2690C48021917008002E4DAA /* Resources */,
			);
			buildRules = (
			);
			dependencies = (
			);
			name = LYToolsExample;
			productName = LYToolsExample;
			productReference = 2690C48221917008002E4DAA /* LYToolsExample.app */;
			productType = "com.apple.product-type.application";
		};
/* End PBXNativeTarget section */

/* Begin PBXProject section */
		2690C47A21917008002E4DAA /* Project object */ = {
			isa = PBXProject;
			attributes = {
				LastSwiftUpdateCheck = 1000;
				LastUpgradeCheck = 1000;
				ORGANIZATIONNAME = LYCoder;
				TargetAttributes = {
					2690C48121917008002E4DAA = {
						CreatedOnToolsVersion = 10.0;
					};
				};
			};
			buildConfigurationList = 2690C47D21917008002E4DAA /* Build configuration list for PBXProject "LYToolsExample" */;
			compatibilityVersion = "Xcode 9.3";
			developmentRegion = en;
			hasScannedForEncodings = 0;
			knownRegions = (
				en,
				Base,
			);
			mainGroup = 2690C47921917008002E4DAA;
			productRefGroup = 2690C48321917008002E4DAA /* Products */;
			projectDirPath = "";
			projectRoot = "";
			targets = (
				2690C48121917008002E4DAA /* LYToolsExample */,
			);
		};
/* End PBXProject section */

/* Begin PBXResourcesBuildPhase section */
		2690C48021917008002E4DAA /* Resources */ = {
			isa = PBXResourcesBuildPhase;
			buildActionMask = 2147483647;
			files = (
				2690C49021917009002E4DAA /* LaunchScreen.storyboard in Resources */,
				2690C48D21917009002E4DAA /* Assets.xcassets in Resources */,
				2690C48B21917008002E4DAA /* Main.storyboard in Resources */,
			);
			runOnlyForDeploymentPostprocessing = 0;
		};
/* End PBXResourcesBuildPhase section */

/* Begin PBXSourcesBuildPhase section */
		2690C47E21917008002E4DAA /* Sources */ = {
			isa = PBXSourcesBuildPhase;
			buildActionMask = 2147483647;
			files = (
				2690C498219172E1002E4DAA /* LYCaptchaButton.swift in Sources */,
				2690C49A21918BDE002E4DAA /* CaptchaViewController.swift in Sources */,
				2690C48821917008002E4DAA /* ViewController.swift in Sources */,
				2690C48621917008002E4DAA /* AppDelegate.swift in Sources */,
				2690C49C21919423002E4DAA /* PrintLog.swift in Sources */,
			);
			runOnlyForDeploymentPostprocessing = 0;
		};
/* End PBXSourcesBuildPhase section */

/* Begin PBXVariantGroup section */
		2690C48921917008002E4DAA /* Main.storyboard */ = {
			isa = PBXVariantGroup;
			children = (
				2690C48A21917008002E4DAA /* Base */,
			);
			name = Main.storyboard;
			sourceTree = "<group>";
		};
		2690C48E21917009002E4DAA /* LaunchScreen.storyboard */ = {
			isa = PBXVariantGroup;
			children = (
				2690C48F21917009002E4DAA /* Base */,
			);
			name = LaunchScreen.storyboard;
			sourceTree = "<group>";
		};
/* End PBXVariantGroup section */

/* Begin XCBuildConfiguration section */
		2690C49221917009002E4DAA /* Debug */ = {
			isa = XCBuildConfiguration;
			buildSettings = {
				ALWAYS_SEARCH_USER_PATHS = NO;
				CLANG_ANALYZER_NONNULL = YES;
				CLANG_ANALYZER_NUMBER_OBJECT_CONVERSION = YES_AGGRESSIVE;
				CLANG_CXX_LANGUAGE_STANDARD = "gnu++14";
				CLANG_CXX_LIBRARY = "libc++";
				CLANG_ENABLE_MODULES = YES;
				CLANG_ENABLE_OBJC_ARC = YES;
				CLANG_ENABLE_OBJC_WEAK = YES;
				CLANG_WARN_BLOCK_CAPTURE_AUTORELEASING = YES;
				CLANG_WARN_BOOL_CONVERSION = YES;
				CLANG_WARN_COMMA = YES;
				CLANG_WARN_CONSTANT_CONVERSION = YES;
				CLANG_WARN_DEPRECATED_OBJC_IMPLEMENTATIONS = YES;
				CLANG_WARN_DIRECT_OBJC_ISA_USAGE = YES_ERROR;
				CLANG_WARN_DOCUMENTATION_COMMENTS = YES;
				CLANG_WARN_EMPTY_BODY = YES;
				CLANG_WARN_ENUM_CONVERSION = YES;
				CLANG_WARN_INFINITE_RECURSION = YES;
				CLANG_WARN_INT_CONVERSION = YES;
				CLANG_WARN_NON_LITERAL_NULL_CONVERSION = YES;
				CLANG_WARN_OBJC_IMPLICIT_RETAIN_SELF = YES;
				CLANG_WARN_OBJC_LITERAL_CONVERSION = YES;
				CLANG_WARN_OBJC_ROOT_CLASS = YES_ERROR;
				CLANG_WARN_RANGE_LOOP_ANALYSIS = YES;
				CLANG_WARN_STRICT_PROTOTYPES = YES;
				CLANG_WARN_SUSPICIOUS_MOVE = YES;
				CLANG_WARN_UNGUARDED_AVAILABILITY = YES_AGGRESSIVE;
				CLANG_WARN_UNREACHABLE_CODE = YES;
				CLANG_WARN__DUPLICATE_METHOD_MATCH = YES;
				CODE_SIGN_IDENTITY = "iPhone Developer";
				COPY_PHASE_STRIP = NO;
				DEBUG_INFORMATION_FORMAT = dwarf;
				ENABLE_STRICT_OBJC_MSGSEND = YES;
				ENABLE_TESTABILITY = YES;
				GCC_C_LANGUAGE_STANDARD = gnu11;
				GCC_DYNAMIC_NO_PIC = NO;
				GCC_NO_COMMON_BLOCKS = YES;
				GCC_OPTIMIZATION_LEVEL = 0;
				GCC_PREPROCESSOR_DEFINITIONS = (
					"DEBUG=1",
					"$(inherited)",
				);
				GCC_WARN_64_TO_32_BIT_CONVERSION = YES;
				GCC_WARN_ABOUT_RETURN_TYPE = YES_ERROR;
				GCC_WARN_UNDECLARED_SELECTOR = YES;
				GCC_WARN_UNINITIALIZED_AUTOS = YES_AGGRESSIVE;
				GCC_WARN_UNUSED_FUNCTION = YES;
				GCC_WARN_UNUSED_VARIABLE = YES;
				IPHONEOS_DEPLOYMENT_TARGET = 12.0;
				MTL_ENABLE_DEBUG_INFO = INCLUDE_SOURCE;
				MTL_FAST_MATH = YES;
				ONLY_ACTIVE_ARCH = YES;
				SDKROOT = iphoneos;
				SWIFT_ACTIVE_COMPILATION_CONDITIONS = DEBUG;
				SWIFT_OPTIMIZATION_LEVEL = "-Onone";
			};
			name = Debug;
		};
		2690C49321917009002E4DAA /* Release */ = {
			isa = XCBuildConfiguration;
			buildSettings = {
				ALWAYS_SEARCH_USER_PATHS = NO;
				CLANG_ANALYZER_NONNULL = YES;
				CLANG_ANALYZER_NUMBER_OBJECT_CONVERSION = YES_AGGRESSIVE;
				CLANG_CXX_LANGUAGE_STANDARD = "gnu++14";
				CLANG_CXX_LIBRARY = "libc++";
				CLANG_ENABLE_MODULES = YES;
				CLANG_ENABLE_OBJC_ARC = YES;
				CLANG_ENABLE_OBJC_WEAK = YES;
				CLANG_WARN_BLOCK_CAPTURE_AUTORELEASING = YES;
				CLANG_WARN_BOOL_CONVERSION = YES;
				CLANG_WARN_COMMA = YES;
				CLANG_WARN_CONSTANT_CONVERSION = YES;
				CLANG_WARN_DEPRECATED_OBJC_IMPLEMENTATIONS = YES;
				CLANG_WARN_DIRECT_OBJC_ISA_USAGE = YES_ERROR;
				CLANG_WARN_DOCUMENTATION_COMMENTS = YES;
				CLANG_WARN_EMPTY_BODY = YES;
				CLANG_WARN_ENUM_CONVERSION = YES;
				CLANG_WARN_INFINITE_RECURSION = YES;
				CLANG_WARN_INT_CONVERSION = YES;
				CLANG_WARN_NON_LITERAL_NULL_CONVERSION = YES;
				CLANG_WARN_OBJC_IMPLICIT_RETAIN_SELF = YES;
				CLANG_WARN_OBJC_LITERAL_CONVERSION = YES;
				CLANG_WARN_OBJC_ROOT_CLASS = YES_ERROR;
				CLANG_WARN_RANGE_LOOP_ANALYSIS = YES;
				CLANG_WARN_STRICT_PROTOTYPES = YES;
				CLANG_WARN_SUSPICIOUS_MOVE = YES;
				CLANG_WARN_UNGUARDED_AVAILABILITY = YES_AGGRESSIVE;
				CLANG_WARN_UNREACHABLE_CODE = YES;
				CLANG_WARN__DUPLICATE_METHOD_MATCH = YES;
				CODE_SIGN_IDENTITY = "iPhone Developer";
				COPY_PHASE_STRIP = NO;
				DEBUG_INFORMATION_FORMAT = "dwarf-with-dsym";
				ENABLE_NS_ASSERTIONS = NO;
				ENABLE_STRICT_OBJC_MSGSEND = YES;
				GCC_C_LANGUAGE_STANDARD = gnu11;
				GCC_NO_COMMON_BLOCKS = YES;
				GCC_WARN_64_TO_32_BIT_CONVERSION = YES;
				GCC_WARN_ABOUT_RETURN_TYPE = YES_ERROR;
				GCC_WARN_UNDECLARED_SELECTOR = YES;
				GCC_WARN_UNINITIALIZED_AUTOS = YES_AGGRESSIVE;
				GCC_WARN_UNUSED_FUNCTION = YES;
				GCC_WARN_UNUSED_VARIABLE = YES;
				IPHONEOS_DEPLOYMENT_TARGET = 12.0;
				MTL_ENABLE_DEBUG_INFO = NO;
				MTL_FAST_MATH = YES;
				SDKROOT = iphoneos;
				SWIFT_COMPILATION_MODE = wholemodule;
				SWIFT_OPTIMIZATION_LEVEL = "-O";
				VALIDATE_PRODUCT = YES;
			};
			name = Release;
		};
		2690C49521917009002E4DAA /* Debug */ = {
			isa = XCBuildConfiguration;
			buildSettings = {
				ASSETCATALOG_COMPILER_APPICON_NAME = AppIcon;
				CODE_SIGN_STYLE = Automatic;
				DEVELOPMENT_TEAM = WMW74G89JH;
				INFOPLIST_FILE = LYToolsExample/Info.plist;
				LD_RUNPATH_SEARCH_PATHS = (
					"$(inherited)",
					"@executable_path/Frameworks",
				);
				OTHER_SWIFT_FLAGS = "-D DEBUG";
				PRODUCT_BUNDLE_IDENTIFIER = com.lycoder.LYToolsExample;
				PRODUCT_NAME = "$(TARGET_NAME)";
				SWIFT_VERSION = 4.2;
				TARGETED_DEVICE_FAMILY = "1,2";
			};
			name = Debug;
		};
		2690C49621917009002E4DAA /* Release */ = {
			isa = XCBuildConfiguration;
			buildSettings = {
				ASSETCATALOG_COMPILER_APPICON_NAME = AppIcon;
				CODE_SIGN_STYLE = Automatic;
				DEVELOPMENT_TEAM = WMW74G89JH;
				INFOPLIST_FILE = LYToolsExample/Info.plist;
				LD_RUNPATH_SEARCH_PATHS = (
					"$(inherited)",
					"@executable_path/Frameworks",
				);
				OTHER_SWIFT_FLAGS = "-D DEBUG";
				PRODUCT_BUNDLE_IDENTIFIER = com.lycoder.LYToolsExample;
				PRODUCT_NAME = "$(TARGET_NAME)";
				SWIFT_VERSION = 4.2;
				TARGETED_DEVICE_FAMILY = "1,2";
			};
			name = Release;
		};
/* End XCBuildConfiguration section */

/* Begin XCConfigurationList section */
		2690C47D21917008002E4DAA /* Build configuration list for PBXProject "LYToolsExample" */ = {
			isa = XCConfigurationList;
			buildConfigurations = (
				2690C49221917009002E4DAA /* Debug */,
				2690C49321917009002E4DAA /* Release */,
			);
			defaultConfigurationIsVisible = 0;
			defaultConfigurationName = Release;
		};
		2690C49421917009002E4DAA /* Build configuration list for PBXNativeTarget "LYToolsExample" */ = {
			isa = XCConfigurationList;
			buildConfigurations = (
				2690C49521917009002E4DAA /* Debug */,
				2690C49621917009002E4DAA /* Release */,
			);
			defaultConfigurationIsVisible = 0;
			defaultConfigurationName = Release;
		};
/* End XCConfigurationList section */
	};
	rootObject = 2690C47A21917008002E4DAA /* Project object */;
}
